
Microsoft Visual Studio Solution File, Format Version 12.00
# Visual Studio Version 16
VisualStudioVersion = 16.0.31424.327
MinimumVisualStudioVersion = 10.0.40219.1
Project("{FAE04EC0-301F-11D3-BF4B-00C04F79EFBC}") = "BeehiveManagementSystem", "BeehiveManagementSystem\BeehiveManagementSystem.csproj", "{FA46A272-E993-4B2A-840D-583600502415}"
EndProject
Global
	GlobalSection(SolutionConfigurationPlatforms) = preSolution
		Debug|Any CPU = Debug|Any CPU
		Release|Any CPU = Release|Any CPU
	EndGlobalSection
	GlobalSection(ProjectConfigurationPlatforms) = postSolution
		{FA46A272-E993-4B2A-840D-583600502415}.Debug|Any CPU.ActiveCfg = Debug|Any CPU
		{FA46A272-E993-4B2A-840D-583600502415}.Debug|Any CPU.Build.0 = Debug|Any CPU
		{FA46A272-E993-4B2A-840D-583600502415}.Release|Any CPU.ActiveCfg = Release|Any CPU
		{FA46A272-E993-4B2A-840D-583600502415}.Release|Any CPU.Build.0 = Release|Any CPU
	EndGlobalSection
	GlobalSection(SolutionProperties) = preSolution
		HideSolutionNode = FALSE
	EndGlobalSection
	GlobalSection(ExtensibilityGlobals) = postSolution
		SolutionGuid = {03337D97-C02E-4CFE-A64C-EA0FD6F791F1}
	EndGlobalSection
EndGlobal
